<Solution>
  <Folder Name="/src/">
    <Project Path="src/CleanArchitecture.Full.Api/CleanArchitecture.Full.Api.csproj" />
    <Project Path="src/CleanArchitecture.Full.Application/CleanArchitecture.Full.Application.csproj" />
    <Project Path="src/CleanArchitecture.Full.Domain/CleanArchitecture.Full.Domain.csproj" />
    <Project Path="src/CleanArchitecture.Full.Infrastructure/CleanArchitecture.Full.Infrastructure.csproj" />
  </Folder>
</Solution>
